// !$*UTF8*$!
{
	archiveVersion = 1;
	classes = {
	};
	objectVersion = 46;
	objects = {

/* Begin PBXBuildFile section */
		56190E08195504A000BEAED8 /* Foundation.framework in Frameworks */ = {isa = PBXBuildFile; fileRef = 56190E07195504A000BEAED8 /* Foundation.framework */; };
		56190E0A195504A000BEAED8 /* CoreGraphics.framework in Frameworks */ = {isa = PBXBuildFile; fileRef = 56190E09195504A000BEAED8 /* CoreGraphics.framework */; };
		56190E0C195504A000BEAED8 /* UIKit.framework in Frameworks */ = {isa = PBXBuildFile; fileRef = 56190E0B195504A000BEAED8 /* UIKit.framework */; };
		56190E12195504A000BEAED8 /* InfoPlist.strings in Resources */ = {isa = PBXBuildFile; fileRef = 56190E10195504A000BEAED8 /* InfoPlist.strings */; };
		56190E14195504A000BEAED8 /* main.m in Sources */ = {isa = PBXBuildFile; fileRef = 56190E13195504A000BEAED8 /* main.m */; };
		56190E18195504A000BEAED8 /* DJAppDelegate.m in Sources */ = {isa = PBXBuildFile; fileRef = 56190E17195504A000BEAED8 /* DJAppDelegate.m */; };
		56190E1B195504A000BEAED8 /* Main.storyboard in Resources */ = {isa = PBXBuildFile; fileRef = 56190E19195504A000BEAED8 /* Main.storyboard */; };
		56190E20195504A000BEAED8 /* Images.xcassets in Resources */ = {isa = PBXBuildFile; fileRef = 56190E1F195504A000BEAED8 /* Images.xcassets */; };
		56190E27195504A000BEAED8 /* XCTest.framework in Frameworks */ = {isa = PBXBuildFile; fileRef = 56190E26195504A000BEAED8 /* XCTest.framework */; };
		56190E28195504A000BEAED8 /* Foundation.framework in Frameworks */ = {isa = PBXBuildFile; fileRef = 56190E07195504A000BEAED8 /* Foundation.framework */; };
		56190E29195504A000BEAED8 /* UIKit.framework in Frameworks */ = {isa = PBXBuildFile; fileRef = 56190E0B195504A000BEAED8 /* UIKit.framework */; };
		56190E31195504A000BEAED8 /* InfoPlist.strings in Resources */ = {isa = PBXBuildFile; fileRef = 56190E2F195504A000BEAED8 /* InfoPlist.strings */; };
		56190E33195504A000BEAED8 /* Out_of_the_WorldTests.m in Sources */ = {isa = PBXBuildFile; fileRef = 56190E32195504A000BEAED8 /* Out_of_the_WorldTests.m */; };
		56190E411955084D00BEAED8 /* DJOutOfTheWorldTableViewController.m in Sources */ = {isa = PBXBuildFile; fileRef = 56190E401955084D00BEAED8 /* DJOutOfTheWorldTableViewController.m */; };
		56190E44195527DF00BEAED8 /* AstronomicalData.m in Sources */ = {isa = PBXBuildFile; fileRef = 56190E43195527DF00BEAED8 /* AstronomicalData.m */; };
		5638E909195952A600331861 /* DJSpaceDataViewController.m in Sources */ = {isa = PBXBuildFile; fileRef = 5638E908195952A600331861 /* DJSpaceDataViewController.m */; };
		565AFE2419578982003C2B27 /* DJSpaceObjectViewController.m in Sources */ = {isa = PBXBuildFile; fileRef = 565AFE2319578982003C2B27 /* DJSpaceObjectViewController.m */; };
		566AE8CC195BAFD6009132E5 /* DJAddSpaceObjectViewController.m in Sources */ = {isa = PBXBuildFile; fileRef = 566AE8CB195BAFD6009132E5 /* DJAddSpaceObjectViewController.m */; };
		56F8BE9D195670F80036C70F /* Earth.jpg in Resources */ = {isa = PBXBuildFile; fileRef = 56F8BE93195670F80036C70F /* Earth.jpg */; };
		56F8BE9E195670F80036C70F /* EinsteinRing.jpg in Resources */ = {isa = PBXBuildFile; fileRef = 56F8BE94195670F80036C70F /* EinsteinRing.jpg */; };
		56F8BE9F195670F80036C70F /* Jupiter.jpg in Resources */ = {isa = PBXBuildFile; fileRef = 56F8BE95195670F80036C70F /* Jupiter.jpg */; };
		56F8BEA0195670F80036C70F /* Mars.jpg in Resources */ = {isa = PBXBuildFile; fileRef = 56F8BE96195670F80036C70F /* Mars.jpg */; };
		56F8BEA1195670F80036C70F /* Mercury.jpg in Resources */ = {isa = PBXBuildFile; fileRef = 56F8BE97195670F80036C70F /* Mercury.jpg */; };
		56F8BEA2195670F80036C70F /* Neptune.jpg in Resources */ = {isa = PBXBuildFile; fileRef = 56F8BE98195670F80036C70F /* Neptune.jpg */; };
		56F8BEA3195670F80036C70F /* Orion.jpg in Resources */ = {isa = PBXBuildFile; fileRef = 56F8BE99195670F80036C70F /* Orion.jpg */; };
		56F8BEA4195670F80036C70F /* Saturn.jpg in Resources */ = {isa = PBXBuildFile; fileRef = 56F8BE9A195670F80036C70F /* Saturn.jpg */; };
		56F8BEA5195670F80036C70F /* Uranus.jpg in Resources */ = {isa = PBXBuildFile; fileRef = 56F8BE9B195670F80036C70F /* Uranus.jpg */; };
		56F8BEA6195670F80036C70F /* Venus.jpg in Resources */ = {isa = PBXBuildFile; fileRef = 56F8BE9C195670F80036C70F /* Venus.jpg */; };
		56F8BEA9195671330036C70F /* DJSpaceObject.m in Sources */ = {isa = PBXBuildFile; fileRef = 56F8BEA8195671330036C70F /* DJSpaceObject.m */; };
/* End PBXBuildFile section */

/* Begin PBXContainerItemProxy section */
		56190E2A195504A000BEAED8 /* PBXContainerItemProxy */ = {
			isa = PBXContainerItemProxy;
			containerPortal = 56190DFC195504A000BEAED8 /* Project object */;
			proxyType = 1;
			remoteGlobalIDString = 56190E03195504A000BEAED8;
			remoteInfo = "Out of the World";
		};
/* End PBXContainerItemProxy section */

/* Begin PBXFileReference section */
		56190E04195504A000BEAED8 /* Out of the World.app */ = {isa = PBXFileReference; explicitFileType = wrapper.application; includeInIndex = 0; path = "Out of the World.app"; sourceTree = BUILT_PRODUCTS_DIR; };
		56190E07195504A000BEAED8 /* Foundation.framework */ = {isa = PBXFileReference; lastKnownFileType = wrapper.framework; name = Foundation.framework; path = System/Library/Frameworks/Foundation.framework; sourceTree = SDKROOT; };
		56190E09195504A000BEAED8 /* CoreGraphics.framework */ = {isa = PBXFileReference; lastKnownFileType = wrapper.framework; name = CoreGraphics.framework; path = System/Library/Frameworks/CoreGraphics.framework; sourceTree = SDKROOT; };
		56190E0B195504A000BEAED8 /* UIKit.framework */ = {isa = PBXFileReference; lastKnownFileType = wrapper.framework; name = UIKit.framework; path = System/Library/Frameworks/UIKit.framework; sourceTree = SDKROOT; };
		56190E0F195504A000BEAED8 /* Out of the World-Info.plist */ = {isa = PBXFileReference; lastKnownFileType = text.plist.xml; path = "Out of the World-Info.plist"; sourceTree = "<group>"; };
		56190E11195504A000BEAED8 /* en */ = {isa = PBXFileReference; lastKnownFileType = text.plist.strings; name = en; path = en.lproj/InfoPlist.strings; sourceTree = "<group>"; };
		56190E13195504A000BEAED8 /* main.m */ = {isa = PBXFileReference; lastKnownFileType = sourcecode.c.objc; path = main.m; sourceTree = "<group>"; };
		56190E15195504A000BEAED8 /* Out of the World-Prefix.pch */ = {isa = PBXFileReference; lastKnownFileType = sourcecode.c.h; path = "Out of the World-Prefix.pch"; sourceTree = "<group>"; };
		56190E16195504A000BEAED8 /* DJAppDelegate.h */ = {isa = PBXFileReference; lastKnownFileType = sourcecode.c.h; path = DJAppDelegate.h; sourceTree = "<group>"; };
		56190E17195504A000BEAED8 /* DJAppDelegate.m */ = {isa = PBXFileReference; lastKnownFileType = sourcecode.c.objc; path = DJAppDelegate.m; sourceTree = "<group>"; };
		56190E1A195504A000BEAED8 /* Base */ = {isa = PBXFileReference; lastKnownFileType = file.storyboard; name = Base; path = Base.lproj/Main.storyboard; sourceTree = "<group>"; };
		56190E1F195504A000BEAED8 /* Images.xcassets */ = {isa = PBXFileReference; lastKnownFileType = folder.assetcatalog; path = Images.xcassets; sourceTree = "<group>"; };
		56190E25195504A000BEAED8 /* Out of the WorldTests.xctest */ = {isa = PBXFileReference; explicitFileType = wrapper.cfbundle; includeInIndex = 0; path = "Out of the WorldTests.xctest"; sourceTree = BUILT_PRODUCTS_DIR; };
		56190E26195504A000BEAED8 /* XCTest.framework */ = {isa = PBXFileReference; lastKnownFileType = wrapper.framework; name = XCTest.framework; path = Library/Frameworks/XCTest.framework; sourceTree = DEVELOPER_DIR; };
		56190E2E195504A000BEAED8 /* Out of the WorldTests-Info.plist */ = {isa = PBXFileReference; lastKnownFileType = text.plist.xml; path = "Out of the WorldTests-Info.plist"; sourceTree = "<group>"; };
		56190E30195504A000BEAED8 /* en */ = {isa = PBXFileReference; lastKnownFileType = text.plist.strings; name = en; path = en.lproj/InfoPlist.strings; sourceTree = "<group>"; };
		56190E32195504A000BEAED8 /* Out_of_the_WorldTests.m */ = {isa = PBXFileReference; lastKnownFileType = sourcecode.c.objc; path = Out_of_the_WorldTests.m; sourceTree = "<group>"; };
		56190E3F1955084D00BEAED8 /* DJOutOfTheWorldTableViewController.h */ = {isa = PBXFileReference; fileEncoding = 4; lastKnownFileType = sourcecode.c.h; path = DJOutOfTheWorldTableViewController.h; sourceTree = "<group>"; };
		56190E401955084D00BEAED8 /* DJOutOfTheWorldTableViewController.m */ = {isa = PBXFileReference; fileEncoding = 4; lastKnownFileType = sourcecode.c.objc; path = DJOutOfTheWorldTableViewController.m; sourceTree = "<group>"; };
		56190E42195527DF00BEAED8 /* AstronomicalData.h */ = {isa = PBXFileReference; fileEncoding = 4; lastKnownFileType = sourcecode.c.h; path = AstronomicalData.h; sourceTree = "<group>"; };
		56190E43195527DF00BEAED8 /* AstronomicalData.m */ = {isa = PBXFileReference; fileEncoding = 4; lastKnownFileType = sourcecode.c.objc; path = AstronomicalData.m; sourceTree = "<group>"; };
		5638E907195952A600331861 /* DJSpaceDataViewController.h */ = {isa = PBXFileReference; fileEncoding = 4; lastKnownFileType = sourcecode.c.h; path = DJSpaceDataViewController.h; sourceTree = "<group>"; };
		5638E908195952A600331861 /* DJSpaceDataViewController.m */ = {isa = PBXFileReference; fileEncoding = 4; lastKnownFileType = sourcecode.c.objc; path = DJSpaceDataViewController.m; sourceTree = "<group>"; };
		565AFE2219578982003C2B27 /* DJSpaceObjectViewController.h */ = {isa = PBXFileReference; fileEncoding = 4; lastKnownFileType = sourcecode.c.h; path = DJSpaceObjectViewController.h; sourceTree = "<group>"; };
		565AFE2319578982003C2B27 /* DJSpaceObjectViewController.m */ = {isa = PBXFileReference; fileEncoding = 4; lastKnownFileType = sourcecode.c.objc; path = DJSpaceObjectViewController.m; sourceTree = "<group>"; };
		566AE8CA195BAFD6009132E5 /* DJAddSpaceObjectViewController.h */ = {isa = PBXFileReference; fileEncoding = 4; lastKnownFileType = sourcecode.c.h; path = DJAddSpaceObjectViewController.h; sourceTree = "<group>"; };
		566AE8CB195BAFD6009132E5 /* DJAddSpaceObjectViewController.m */ = {isa = PBXFileReference; fileEncoding = 4; lastKnownFileType = sourcecode.c.objc; path = DJAddSpaceObjectViewController.m; sourceTree = "<group>"; };
		56F8BE93195670F80036C70F /* Earth.jpg */ = {isa = PBXFileReference; lastKnownFileType = image.jpeg; path = Earth.jpg; sourceTree = "<group>"; };
		56F8BE94195670F80036C70F /* EinsteinRing.jpg */ = {isa = PBXFileReference; lastKnownFileType = image.jpeg; path = EinsteinRing.jpg; sourceTree = "<group>"; };
		56F8BE95195670F80036C70F /* Jupiter.jpg */ = {isa = PBXFileReference; lastKnownFileType = image.jpeg; path = Jupiter.jpg; sourceTree = "<group>"; };
		56F8BE96195670F80036C70F /* Mars.jpg */ = {isa = PBXFileReference; lastKnownFileType = image.jpeg; path = Mars.jpg; sourceTree = "<group>"; };
		56F8BE97195670F80036C70F /* Mercury.jpg */ = {isa = PBXFileReference; lastKnownFileType = image.jpeg; path = Mercury.jpg; sourceTree = "<group>"; };
		56F8BE98195670F80036C70F /* Neptune.jpg */ = {isa = PBXFileReference; lastKnownFileType = image.jpeg; path = Neptune.jpg; sourceTree = "<group>"; };
		56F8BE99195670F80036C70F /* Orion.jpg */ = {isa = PBXFileReference; lastKnownFileType = image.jpeg; path = Orion.jpg; sourceTree = "<group>"; };
		56F8BE9A195670F80036C70F /* Saturn.jpg */ = {isa = PBXFileReference; lastKnownFileType = image.jpeg; path = Saturn.jpg; sourceTree = "<group>"; };
		56F8BE9B195670F80036C70F /* Uranus.jpg */ = {isa = PBXFileReference; lastKnownFileType = image.jpeg; path = Uranus.jpg; sourceTree = "<group>"; };
		56F8BE9C195670F80036C70F /* Venus.jpg */ = {isa = PBXFileReference; lastKnownFileType = image.jpeg; path = Venus.jpg; sourceTree = "<group>"; };
		56F8BEA7195671330036C70F /* DJSpaceObject.h */ = {isa = PBXFileReference; fileEncoding = 4; lastKnownFileType = sourcecode.c.h; path = DJSpaceObject.h; sourceTree = "<group>"; };
		56F8BEA8195671330036C70F /* DJSpaceObject.m */ = {isa = PBXFileReference; fileEncoding = 4; lastKnownFileType = sourcecode.c.objc; path = DJSpaceObject.m; sourceTree = "<group>"; };
/* End PBXFileReference section */

/* Begin PBXFrameworksBuildPhase section */
		56190E01195504A000BEAED8 /* Frameworks */ = {
			isa = PBXFrameworksBuildPhase;
			buildActionMask = 2147483647;
			files = (
				56190E0A195504A000BEAED8 /* CoreGraphics.framework in Frameworks */,
				56190E0C195504A000BEAED8 /* UIKit.framework in Frameworks */,
				56190E08195504A000BEAED8 /* Foundation.framework in Frameworks */,
			);
			runOnlyForDeploymentPostprocessing = 0;
		};
		56190E22195504A000BEAED8 /* Frameworks */ = {
			isa = PBXFrameworksBuildPhase;
			buildActionMask = 2147483647;
			files = (
				56190E27195504A000BEAED8 /* XCTest.framework in Frameworks */,
				56190E29195504A000BEAED8 /* UIKit.framework in Frameworks */,
				56190E28195504A000BEAED8 /* Foundation.framework in Frameworks */,
			);
			runOnlyForDeploymentPostprocessing = 0;
		};
/* End PBXFrameworksBuildPhase section */

/* Begin PBXGroup section */
		56190DFB195504A000BEAED8 = {
			isa = PBXGroup;
			children = (
				56190E0D195504A000BEAED8 /* Out of the World */,
				56190E2C195504A000BEAED8 /* Out of the WorldTests */,
				56190E06195504A000BEAED8 /* Frameworks */,
				56190E05195504A000BEAED8 /* Products */,
			);
			sourceTree = "<group>";
		};
		56190E05195504A000BEAED8 /* Products */ = {
			isa = PBXGroup;
			children = (
				56190E04195504A000BEAED8 /* Out of the World.app */,
				56190E25195504A000BEAED8 /* Out of the WorldTests.xctest */,
			);
			name = Products;
			sourceTree = "<group>";
		};
		56190E06195504A000BEAED8 /* Frameworks */ = {
			isa = PBXGroup;
			children = (
				56190E07195504A000BEAED8 /* Foundation.framework */,
				56190E09195504A000BEAED8 /* CoreGraphics.framework */,
				56190E0B195504A000BEAED8 /* UIKit.framework */,
				56190E26195504A000BEAED8 /* XCTest.framework */,
			);
			name = Frameworks;
			sourceTree = "<group>";
		};
		56190E0D195504A000BEAED8 /* Out of the World */ = {
			isa = PBXGroup;
			children = (
				56190E16195504A000BEAED8 /* DJAppDelegate.h */,
				56190E17195504A000BEAED8 /* DJAppDelegate.m */,
				56190E19195504A000BEAED8 /* Main.storyboard */,
				566AE8CA195BAFD6009132E5 /* DJAddSpaceObjectViewController.h */,
				566AE8CB195BAFD6009132E5 /* DJAddSpaceObjectViewController.m */,
				5638E907195952A600331861 /* DJSpaceDataViewController.h */,
				5638E908195952A600331861 /* DJSpaceDataViewController.m */,
				56190E3F1955084D00BEAED8 /* DJOutOfTheWorldTableViewController.h */,
				56190E401955084D00BEAED8 /* DJOutOfTheWorldTableViewController.m */,
				565AFE2219578982003C2B27 /* DJSpaceObjectViewController.h */,
				565AFE2319578982003C2B27 /* DJSpaceObjectViewController.m */,
				56F8BEA7195671330036C70F /* DJSpaceObject.h */,
				56F8BEA8195671330036C70F /* DJSpaceObject.m */,
				56190E1F195504A000BEAED8 /* Images.xcassets */,
				56190E0E195504A000BEAED8 /* Supporting Files */,
			);
			path = "Out of the World";
			sourceTree = "<group>";
		};
		56190E0E195504A000BEAED8 /* Supporting Files */ = {
			isa = PBXGroup;
			children = (
				56F8BE93195670F80036C70F /* Earth.jpg */,
				56F8BE94195670F80036C70F /* EinsteinRing.jpg */,
				56F8BE95195670F80036C70F /* Jupiter.jpg */,
				56F8BE96195670F80036C70F /* Mars.jpg */,
				56F8BE97195670F80036C70F /* Mercury.jpg */,
				56F8BE98195670F80036C70F /* Neptune.jpg */,
				56F8BE99195670F80036C70F /* Orion.jpg */,
				56F8BE9A195670F80036C70F /* Saturn.jpg */,
				56F8BE9B195670F80036C70F /* Uranus.jpg */,
				56F8BE9C195670F80036C70F /* Venus.jpg */,
				56190E42195527DF00BEAED8 /* AstronomicalData.h */,
				56190E43195527DF00BEAED8 /* AstronomicalData.m */,
				56190E0F195504A000BEAED8 /* Out of the World-Info.plist */,
				56190E10195504A000BEAED8 /* InfoPlist.strings */,
				56190E13195504A000BEAED8 /* main.m */,
				56190E15195504A000BEAED8 /* Out of the World-Prefix.pch */,
			);
			name = "Supporting Files";
			sourceTree = "<group>";
		};
		56190E2C195504A000BEAED8 /* Out of the WorldTests */ = {
			isa = PBXGroup;
			children = (
				56190E32195504A000BEAED8 /* Out_of_the_WorldTests.m */,
				56190E2D195504A000BEAED8 /* Supporting Files */,
			);
			path = "Out of the WorldTests";
			sourceTree = "<group>";
		};
		56190E2D195504A000BEAED8 /* Supporting Files */ = {
			isa = PBXGroup;
			children = (
				56190E2E195504A000BEAED8 /* Out of the WorldTests-Info.plist */,
				56190E2F195504A000BEAED8 /* InfoPlist.strings */,
			);
			name = "Supporting Files";
			sourceTree = "<group>";
		};
/* End PBXGroup section */

/* Begin PBXNativeTarget section */
		56190E03195504A000BEAED8 /* Out of the World */ = {
			isa = PBXNativeTarget;
			buildConfigurationList = 56190E36195504A000BEAED8 /* Build configuration list for PBXNativeTarget "Out of the World" */;
			buildPhases = (
				56190E00195504A000BEAED8 /* Sources */,
				56190E01195504A000BEAED8 /* Frameworks */,
				56190E02195504A000BEAED8 /* Resources */,
			);
			buildRules = (
			);
			dependencies = (
			);
			name = "Out of the World";
			productName = "Out of the World";
			productReference = 56190E04195504A000BEAED8 /* Out of the World.app */;
			productType = "com.apple.product-type.application";
		};
		56190E24195504A000BEAED8 /* Out of the WorldTests */ = {
			isa = PBXNativeTarget;
			buildConfigurationList = 56190E39195504A000BEAED8 /* Build configuration list for PBXNativeTarget "Out of the WorldTests" */;
			buildPhases = (
				56190E21195504A000BEAED8 /* Sources */,
				56190E22195504A000BEAED8 /* Frameworks */,
				56190E23195504A000BEAED8 /* Resources */,
			);
			buildRules = (
			);
			dependencies = (
				56190E2B195504A000BEAED8 /* PBXTargetDependency */,
			);
			name = "Out of the WorldTests";
			productName = "Out of the WorldTests";
			productReference = 56190E25195504A000BEAED8 /* Out of the WorldTests.xctest */;
			productType = "com.apple.product-type.bundle.unit-test";
		};
/* End PBXNativeTarget section */

/* Begin PBXProject section */
		56190DFC195504A000BEAED8 /* Project object */ = {
			isa = PBXProject;
			attributes = {
				CLASSPREFIX = DJ;
				LastUpgradeCheck = 0510;
				TargetAttributes = {
					56190E24195504A000BEAED8 = {
						TestTargetID = 56190E03195504A000BEAED8;
					};
				};
			};
			buildConfigurationList = 56190DFF195504A000BEAED8 /* Build configuration list for PBXProject "Out of the World" */;
			compatibilityVersion = "Xcode 3.2";
			developmentRegion = English;
			hasScannedForEncodings = 0;
			knownRegions = (
				en,
				Base,
			);
			mainGroup = 56190DFB195504A000BEAED8;
			productRefGroup = 56190E05195504A000BEAED8 /* Products */;
			projectDirPath = "";
			projectRoot = "";
			targets = (
				56190E03195504A000BEAED8 /* Out of the World */,
				56190E24195504A000BEAED8 /* Out of the WorldTests */,
			);
		};
/* End PBXProject section */

/* Begin PBXResourcesBuildPhase section */
		56190E02195504A000BEAED8 /* Resources */ = {
			isa = PBXResourcesBuildPhase;
			buildActionMask = 2147483647;
			files = (
				56F8BE9D195670F80036C70F /* Earth.jpg in Resources */,
				56F8BEA6195670F80036C70F /* Venus.jpg in Resources */,
				56F8BEA1195670F80036C70F /* Mercury.jpg in Resources */,
				56F8BEA4195670F80036C70F /* Saturn.jpg in Resources */,
				56F8BEA5195670F80036C70F /* Uranus.jpg in Resources */,
				56190E20195504A000BEAED8 /* Images.xcassets in Resources */,
				56F8BEA2195670F80036C70F /* Neptune.jpg in Resources */,
				56F8BEA0195670F80036C70F /* Mars.jpg in Resources */,
				56190E12195504A000BEAED8 /* InfoPlist.strings in Resources */,
				56190E1B195504A000BEAED8 /* Main.storyboard in Resources */,
				56F8BE9E195670F80036C70F /* EinsteinRing.jpg in Resources */,
				56F8BE9F195670F80036C70F /* Jupiter.jpg in Resources */,
				56F8BEA3195670F80036C70F /* Orion.jpg in Resources */,
			);
			runOnlyForDeploymentPostprocessing = 0;
		};
		56190E23195504A000BEAED8 /* Resources */ = {
			isa = PBXResourcesBuildPhase;
			buildActionMask = 2147483647;
			files = (
				56190E31195504A000BEAED8 /* InfoPlist.strings in Resources */,
			);
			runOnlyForDeploymentPostprocessing = 0;
		};
/* End PBXResourcesBuildPhase section */

/* Begin PBXSourcesBuildPhase section */
		56190E00195504A000BEAED8 /* Sources */ = {
			isa = PBXSourcesBuildPhase;
			buildActionMask = 2147483647;
			files = (
				566AE8CC195BAFD6009132E5 /* DJAddSpaceObjectViewController.m in Sources */,
				56F8BEA9195671330036C70F /* DJSpaceObject.m in Sources */,
				56190E18195504A000BEAED8 /* DJAppDelegate.m in Sources */,
				56190E411955084D00BEAED8 /* DJOutOfTheWorldTableViewController.m in Sources */,
				5638E909195952A600331861 /* DJSpaceDataViewController.m in Sources */,
				56190E14195504A000BEAED8 /* main.m in Sources */,
				565AFE2419578982003C2B27 /* DJSpaceObjectViewController.m in Sources */,
				56190E44195527DF00BEAED8 /* AstronomicalData.m in Sources */,
			);
			runOnlyForDeploymentPostprocessing = 0;
		};
		56190E21195504A000BEAED8 /* Sources */ = {
			isa = PBXSourcesBuildPhase;
			buildActionMask = 2147483647;
			files = (
				56190E33195504A000BEAED8 /* Out_of_the_WorldTests.m in Sources */,
			);
			runOnlyForDeploymentPostprocessing = 0;
		};
/* End PBXSourcesBuildPhase section */

/* Begin PBXTargetDependency section */
		56190E2B195504A000BEAED8 /* PBXTargetDependency */ = {
			isa = PBXTargetDependency;
			target = 56190E03195504A000BEAED8 /* Out of the World */;
			targetProxy = 56190E2A195504A000BEAED8 /* PBXContainerItemProxy */;
		};
/* End PBXTargetDependency section */

/* Begin PBXVariantGroup section */
		56190E10195504A000BEAED8 /* InfoPlist.strings */ = {
			isa = PBXVariantGroup;
			children = (
				56190E11195504A000BEAED8 /* en */,
			);
			name = InfoPlist.strings;
			sourceTree = "<group>";
		};
		56190E19195504A000BEAED8 /* Main.storyboard */ = {
			isa = PBXVariantGroup;
			children = (
				56190E1A195504A000BEAED8 /* Base */,
			);
			name = Main.storyboard;
			sourceTree = "<group>";
		};
		56190E2F195504A000BEAED8 /* InfoPlist.strings */ = {
			isa = PBXVariantGroup;
			children = (
				56190E30195504A000BEAED8 /* en */,
			);
			name = InfoPlist.strings;
			sourceTree = "<group>";
		};
/* End PBXVariantGroup section */

/* Begin XCBuildConfiguration section */
		56190E34195504A000BEAED8 /* Debug */ = {
			isa = XCBuildConfiguration;
			buildSettings = {
				ALWAYS_SEARCH_USER_PATHS = NO;
				CLANG_CXX_LANGUAGE_STANDARD = "gnu++0x";
				CLANG_CXX_LIBRARY = "libc++";
				CLANG_ENABLE_MODULES = YES;
				CLANG_ENABLE_OBJC_ARC = YES;
				CLANG_WARN_BOOL_CONVERSION = YES;
				CLANG_WARN_CONSTANT_CONVERSION = YES;
				CLANG_WARN_DIRECT_OBJC_ISA_USAGE = YES_ERROR;
				CLANG_WARN_EMPTY_BODY = YES;
				CLANG_WARN_ENUM_CONVERSION = YES;
				CLANG_WARN_INT_CONVERSION = YES;
				CLANG_WARN_OBJC_ROOT_CLASS = YES_ERROR;
				CLANG_WARN__DUPLICATE_METHOD_MATCH = YES;
				"CODE_SIGN_IDENTITY[sdk=iphoneos*]" = "iPhone Developer";
				COPY_PHASE_STRIP = NO;
				GCC_C_LANGUAGE_STANDARD = gnu99;
				GCC_DYNAMIC_NO_PIC = NO;
				GCC_OPTIMIZATION_LEVEL = 0;
				GCC_PREPROCESSOR_DEFINITIONS = (
					"DEBUG=1",
					"$(inherited)",
				);
				GCC_SYMBOLS_PRIVATE_EXTERN = NO;
				GCC_WARN_64_TO_32_BIT_CONVERSION = YES;
				GCC_WARN_ABOUT_RETURN_TYPE = YES_ERROR;
				GCC_WARN_UNDECLARED_SELECTOR = YES;
				GCC_WARN_UNINITIALIZED_AUTOS = YES_AGGRESSIVE;
				GCC_WARN_UNUSED_FUNCTION = YES;
				GCC_WARN_UNUSED_VARIABLE = YES;
				IPHONEOS_DEPLOYMENT_TARGET = 7.1;
				ONLY_ACTIVE_ARCH = YES;
				SDKROOT = iphoneos;
			};
			name = Debug;
		};
		56190E35195504A000BEAED8 /* Release */ = {
			isa = XCBuildConfiguration;
			buildSettings = {
				ALWAYS_SEARCH_USER_PATHS = NO;
				CLANG_CXX_LANGUAGE_STANDARD = "gnu++0x";
				CLANG_CXX_LIBRARY = "libc++";
				CLANG_ENABLE_MODULES = YES;
				CLANG_ENABLE_OBJC_ARC = YES;
				CLANG_WARN_BOOL_CONVERSION = YES;
				CLANG_WARN_CONSTANT_CONVERSION = YES;
				CLANG_WARN_DIRECT_OBJC_ISA_USAGE = YES_ERROR;
				CLANG_WARN_EMPTY_BODY = YES;
				CLANG_WARN_ENUM_CONVERSION = YES;
				CLANG_WARN_INT_CONVERSION = YES;
				CLANG_WARN_OBJC_ROOT_CLASS = YES_ERROR;
				CLANG_WARN__DUPLICATE_METHOD_MATCH = YES;
				"CODE_SIGN_IDENTITY[sdk=iphoneos*]" = "iPhone Developer";
				COPY_PHASE_STRIP = YES;
				ENABLE_NS_ASSERTIONS = NO;
				GCC_C_LANGUAGE_STANDARD = gnu99;
				GCC_WARN_64_TO_32_BIT_CONVERSION = YES;
				GCC_WARN_ABOUT_RETURN_TYPE = YES_ERROR;
				GCC_WARN_UNDECLARED_SELECTOR = YES;
				GCC_WARN_UNINITIALIZED_AUTOS = YES_AGGRESSIVE;
				GCC_WARN_UNUSED_FUNCTION = YES;
				GCC_WARN_UNUSED_VARIABLE = YES;
				IPHONEOS_DEPLOYMENT_TARGET = 7.1;
				SDKROOT = iphoneos;
				VALIDATE_PRODUCT = YES;
			};
			name = Release;
		};
		56190E37195504A000BEAED8 /* Debug */ = {
			isa = XCBuildConfiguration;
			buildSettings = {
				ASSETCATALOG_COMPILER_APPICON_NAME = AppIcon;
				ASSETCATALOG_COMPILER_LAUNCHIMAGE_NAME = LaunchImage;
				GCC_PRECOMPILE_PREFIX_HEADER = YES;
				GCC_PREFIX_HEADER = "Out of the World/Out of the World-Prefix.pch";
				INFOPLIST_FILE = "Out of the World/Out of the World-Info.plist";
				PRODUCT_NAME = "$(TARGET_NAME)";
				WRAPPER_EXTENSION = app;
			};
			name = Debug;
		};
		56190E38195504A000BEAED8 /* Release */ = {
			isa = XCBuildConfiguration;
			buildSettings = {
				ASSETCATALOG_COMPILER_APPICON_NAME = AppIcon;
				ASSETCATALOG_COMPILER_LAUNCHIMAGE_NAME = LaunchImage;
				GCC_PRECOMPILE_PREFIX_HEADER = YES;
				GCC_PREFIX_HEADER = "Out of the World/Out of the World-Prefix.pch";
				INFOPLIST_FILE = "Out of the World/Out of the World-Info.plist";
				PRODUCT_NAME = "$(TARGET_NAME)";
				WRAPPER_EXTENSION = app;
			};
			name = Release;
		};
		56190E3A195504A000BEAED8 /* Debug */ = {
			isa = XCBuildConfiguration;
			buildSettings = {
				BUNDLE_LOADER = "$(BUILT_PRODUCTS_DIR)/Out of the World.app/Out of the World";
				FRAMEWORK_SEARCH_PATHS = (
					"$(SDKROOT)/Developer/Library/Frameworks",
					"$(inherited)",
					"$(DEVELOPER_FRAMEWORKS_DIR)",
				);
				GCC_PRECOMPILE_PREFIX_HEADER = YES;
				GCC_PREFIX_HEADER = "Out of the World/Out of the World-Prefix.pch";
				GCC_PREPROCESSOR_DEFINITIONS = (
					"DEBUG=1",
					"$(inherited)",
				);
				INFOPLIST_FILE = "Out of the WorldTests/Out of the WorldTests-Info.plist";
				PRODUCT_NAME = "$(TARGET_NAME)";
				TEST_HOST = "$(BUNDLE_LOADER)";
				WRAPPER_EXTENSION = xctest;
			};
			name = Debug;
		};
		56190E3B195504A000BEAED8 /* Release */ = {
			isa = XCBuildConfiguration;
			buildSettings = {
				BUNDLE_LOADER = "$(BUILT_PRODUCTS_DIR)/Out of the World.app/Out of the World";
				FRAMEWORK_SEARCH_PATHS = (
					"$(SDKROOT)/Developer/Library/Frameworks",
					"$(inherited)",
					"$(DEVELOPER_FRAMEWORKS_DIR)",
				);
				GCC_PRECOMPILE_PREFIX_HEADER = YES;
				GCC_PREFIX_HEADER = "Out of the World/Out of the World-Prefix.pch";
				INFOPLIST_FILE = "Out of the WorldTests/Out of the WorldTests-Info.plist";
				PRODUCT_NAME = "$(TARGET_NAME)";
				TEST_HOST = "$(BUNDLE_LOADER)";
				WRAPPER_EXTENSION = xctest;
			};
			name = Release;
		};
/* End XCBuildConfiguration section */

/* Begin XCConfigurationList section */
		56190DFF195504A000BEAED8 /* Build configuration list for PBXProject "Out of the World" */ = {
			isa = XCConfigurationList;
			buildConfigurations = (
				56190E34195504A000BEAED8 /* Debug */,
				56190E35195504A000BEAED8 /* Release */,
			);
			defaultConfigurationIsVisible = 0;
			defaultConfigurationName = Release;
		};
		56190E36195504A000BEAED8 /* Build configuration list for PBXNativeTarget "Out of the World" */ = {
			isa = XCConfigurationList;
			buildConfigurations = (
				56190E37195504A000BEAED8 /* Debug */,
				56190E38195504A000BEAED8 /* Release */,
			);
			defaultConfigurationIsVisible = 0;
			defaultConfigurationName = Release;
		};
		56190E39195504A000BEAED8 /* Build configuration list for PBXNativeTarget "Out of the WorldTests" */ = {
			isa = XCConfigurationList;
			buildConfigurations = (
				56190E3A195504A000BEAED8 /* Debug */,
				56190E3B195504A000BEAED8 /* Release */,
			);
			defaultConfigurationIsVisible = 0;
			defaultConfigurationName = Release;
		};
/* End XCConfigurationList section */
	};
	rootObject = 56190DFC195504A000BEAED8 /* Project object */;
}
